
Microsoft Visual Studio Solution File, Format Version 12.00
# Visual Studio Version 16
VisualStudioVersion = 16.0.30225.117
MinimumVisualStudioVersion = 10.0.40219.1
Project("{9A19103F-16F7-4668-BE54-9A1E7A4F7556}") = "BethanysPieShopHRM", "BethanysPieShopHRM\BethanysPieShopHRM.csproj", "{DEA077EB-33E0-415F-A7BC-B4A5A476668C}"
EndProject
Project("{9A19103F-16F7-4668-BE54-9A1E7A4F7556}") = "BethanysPieShopHRM.Shared", "BethanysPieShopHRM.Shared\BethanysPieShopHRM.Shared.csproj", "{4489692C-C2D5-41EB-A3D4-F605A329BC75}"
EndProject
Global
	GlobalSection(SolutionConfigurationPlatforms) = preSolution
		Debug|Any CPU = Debug|Any CPU
		Release|Any CPU = Release|Any CPU
	EndGlobalSection
	GlobalSection(ProjectConfigurationPlatforms) = postSolution
		{DEA077EB-33E0-415F-A7BC-B4A5A476668C}.Debug|Any CPU.ActiveCfg = Debug|Any CPU
		{DEA077EB-33E0-415F-A7BC-B4A5A476668C}.Debug|Any CPU.Build.0 = Debug|Any CPU
		{DEA077EB-33E0-415F-A7BC-B4A5A476668C}.Release|Any CPU.ActiveCfg = Release|Any CPU
		{DEA077EB-33E0-415F-A7BC-B4A5A476668C}.Release|Any CPU.Build.0 = Release|Any CPU
		{4489692C-C2D5-41EB-A3D4-F605A329BC75}.Debug|Any CPU.ActiveCfg = Debug|Any CPU
		{4489692C-C2D5-41EB-A3D4-F605A329BC75}.Debug|Any CPU.Build.0 = Debug|Any CPU
		{4489692C-C2D5-41EB-A3D4-F605A329BC75}.Release|Any CPU.ActiveCfg = Release|Any CPU
		{4489692C-C2D5-41EB-A3D4-F605A329BC75}.Release|Any CPU.Build.0 = Release|Any CPU
	EndGlobalSection
	GlobalSection(SolutionProperties) = preSolution
		HideSolutionNode = FALSE
	EndGlobalSection
	GlobalSection(ExtensibilityGlobals) = postSolution
		SolutionGuid = {BDBDB61E-9A6E-4987-9226-41293E7515D6}
	EndGlobalSection
EndGlobal
